
Microsoft Visual Studio Solution File, Format Version 12.00
# Visual Studio Version 17
VisualStudioVersion = 17.8.34525.116
MinimumVisualStudioVersion = 10.0.40219.1
Project("{9A19103F-16F7-4668-BE54-9A1E7A4F7556}") = "Trading212.API", "Trading212.API\Trading212.API.csproj", "{2AC71620-0DB6-4629-9D23-04B6E064F44E}"
EndProject
Project("{FAE04EC0-301F-11D3-BF4B-00C04F79EFBC}") = "Trading212.API.Tests", "Trading212.API.Tests\Trading212.API.Tests.csproj", "{BEFAE69E-6BD3-4CC9-A5F4-9180E97CC43E}"
EndProject
Global
	GlobalSection(SolutionConfigurationPlatforms) = preSolution
		Debug|Any CPU = Debug|Any CPU
		Release|Any CPU = Release|Any CPU
	EndGlobalSection
	GlobalSection(ProjectConfigurationPlatforms) = postSolution
		{2AC71620-0DB6-4629-9D23-04B6E064F44E}.Debug|Any CPU.ActiveCfg = Debug|Any CPU
		{2AC71620-0DB6-4629-9D23-04B6E064F44E}.Debug|Any CPU.Build.0 = Debug|Any CPU
		{2AC71620-0DB6-4629-9D23-04B6E064F44E}.Release|Any CPU.ActiveCfg = Release|Any CPU
		{2AC71620-0DB6-4629-9D23-04B6E064F44E}.Release|Any CPU.Build.0 = Release|Any CPU
		{BEFAE69E-6BD3-4CC9-A5F4-9180E97CC43E}.Debug|Any CPU.ActiveCfg = Debug|Any CPU
		{BEFAE69E-6BD3-4CC9-A5F4-9180E97CC43E}.Debug|Any CPU.Build.0 = Debug|Any CPU
		{BEFAE69E-6BD3-4CC9-A5F4-9180E97CC43E}.Release|Any CPU.ActiveCfg = Release|Any CPU
		{BEFAE69E-6BD3-4CC9-A5F4-9180E97CC43E}.Release|Any CPU.Build.0 = Release|Any CPU
	EndGlobalSection
	GlobalSection(SolutionProperties) = preSolution
		HideSolutionNode = FALSE
	EndGlobalSection
	GlobalSection(ExtensibilityGlobals) = postSolution
		SolutionGuid = {ABD92C35-EEB8-4F11-B969-ED4778BA5138}
	EndGlobalSection
EndGlobal
